
Microsoft Visual Studio Solution File, Format Version 10.00
# Visual C# Express 2008
Project("{FAE04EC0-301F-11D3-BF4B-00C04F79EFBC}") = "Web Browser", "Web Browser.csproj", "{8D9408D2-3D89-4911-B5A6-20B91629EA11}"
EndProject
Global
	GlobalSection(SolutionConfigurationPlatforms) = preSolution
		Debug|Any CPU = Debug|Any CPU
		Release|Any CPU = Release|Any CPU
	EndGlobalSection
	GlobalSection(ProjectConfigurationPlatforms) = postSolution
		{8D9408D2-3D89-4911-B5A6-20B91629EA11}.Debug|Any CPU.ActiveCfg = Debug|Any CPU
		{8D9408D2-3D89-4911-B5A6-20B91629EA11}.Debug|Any CPU.Build.0 = Debug|Any CPU
		{8D9408D2-3D89-4911-B5A6-20B91629EA11}.Release|Any CPU.ActiveCfg = Release|Any CPU
		{8D9408D2-3D89-4911-B5A6-20B91629EA11}.Release|Any CPU.Build.0 = Release|Any CPU
	EndGlobalSection
	GlobalSection(SolutionProperties) = preSolution
		HideSolutionNode = FALSE
	EndGlobalSection
EndGlobal
